
Microsoft Visual Studio Solution File, Format Version 12.00
# Visual Studio Version 17
VisualStudioVersion = 17.3.32901.215
MinimumVisualStudioVersion = 10.0.40219.1
Project("{9A19103F-16F7-4668-BE54-9A1E7A4F7556}") = "HK.Modding.Analyzer", "HK.Modding.Analyzer\HK.Modding.Analyzer\HK.Modding.Analyzer.csproj", "{9DE50F0A-B5F2-4A31-B410-C90D7D055E1E}"
EndProject
Project("{9A19103F-16F7-4668-BE54-9A1E7A4F7556}") = "HK.Modding.Analyzer.Package", "HK.Modding.Analyzer\HK.Modding.Analyzer.Package\HK.Modding.Analyzer.Package.csproj", "{8483FFB6-4D2F-4CD1-983F-F28E790B2C78}"
EndProject
Project("{9A19103F-16F7-4668-BE54-9A1E7A4F7556}") = "HK.Modding.Analyzer.Vsix", "HK.Modding.Analyzer\HK.Modding.Analyzer.Vsix\HK.Modding.Analyzer.Vsix.csproj", "{F41642C0-CA16-423B-808F-28513C15CA4D}"
EndProject
Project("{2150E333-8FDC-42A3-9474-1A3956D46DE8}") = "解决方案项", "解决方案项", "{ABA98B58-AA3E-43FE-8C8B-4E5AC5AFD18B}"
	ProjectSection(SolutionItems) = preProject
		.github\workflows\dotnet.yml = .github\workflows\dotnet.yml
	EndProjectSection
EndProject
Global
	GlobalSection(SolutionConfigurationPlatforms) = preSolution
		Debug|Any CPU = Debug|Any CPU
		Release|Any CPU = Release|Any CPU
	EndGlobalSection
	GlobalSection(ProjectConfigurationPlatforms) = postSolution
		{9DE50F0A-B5F2-4A31-B410-C90D7D055E1E}.Debug|Any CPU.ActiveCfg = Debug|Any CPU
		{9DE50F0A-B5F2-4A31-B410-C90D7D055E1E}.Debug|Any CPU.Build.0 = Debug|Any CPU
		{9DE50F0A-B5F2-4A31-B410-C90D7D055E1E}.Release|Any CPU.ActiveCfg = Release|Any CPU
		{9DE50F0A-B5F2-4A31-B410-C90D7D055E1E}.Release|Any CPU.Build.0 = Release|Any CPU
		{8483FFB6-4D2F-4CD1-983F-F28E790B2C78}.Debug|Any CPU.ActiveCfg = Debug|Any CPU
		{8483FFB6-4D2F-4CD1-983F-F28E790B2C78}.Debug|Any CPU.Build.0 = Debug|Any CPU
		{8483FFB6-4D2F-4CD1-983F-F28E790B2C78}.Release|Any CPU.ActiveCfg = Release|Any CPU
		{8483FFB6-4D2F-4CD1-983F-F28E790B2C78}.Release|Any CPU.Build.0 = Release|Any CPU
		{F41642C0-CA16-423B-808F-28513C15CA4D}.Debug|Any CPU.ActiveCfg = Debug|Any CPU
		{F41642C0-CA16-423B-808F-28513C15CA4D}.Debug|Any CPU.Build.0 = Debug|Any CPU
		{F41642C0-CA16-423B-808F-28513C15CA4D}.Release|Any CPU.ActiveCfg = Release|Any CPU
		{F41642C0-CA16-423B-808F-28513C15CA4D}.Release|Any CPU.Build.0 = Release|Any CPU
	EndGlobalSection
	GlobalSection(SolutionProperties) = preSolution
		HideSolutionNode = FALSE
	EndGlobalSection
	GlobalSection(ExtensibilityGlobals) = postSolution
		SolutionGuid = {EE54B284-B879-4E70-82F0-50FEEE335029}
	EndGlobalSection
EndGlobal
